
Microsoft Visual Studio Solution File, Format Version 12.00
# Visual Studio Version 16
VisualStudioVersion = 25.0.1705.4
MinimumVisualStudioVersion = 10.0.40219.1
Project("{FAE04EC0-301F-11D3-BF4B-00C04F79EFBC}") = "sydney-coding-api", "sydney-coding-api\sydney-coding-api.csproj", "{E8161124-D670-4BE9-B57B-EFC2A3B43FC8}"
EndProject
Global
	GlobalSection(SolutionConfigurationPlatforms) = preSolution
		Debug|Any CPU = Debug|Any CPU
		Release|Any CPU = Release|Any CPU
	EndGlobalSection
	GlobalSection(ProjectConfigurationPlatforms) = postSolution
		{E8161124-D670-4BE9-B57B-EFC2A3B43FC8}.Debug|Any CPU.ActiveCfg = Debug|Any CPU
		{E8161124-D670-4BE9-B57B-EFC2A3B43FC8}.Debug|Any CPU.Build.0 = Debug|Any CPU
		{E8161124-D670-4BE9-B57B-EFC2A3B43FC8}.Release|Any CPU.ActiveCfg = Release|Any CPU
		{E8161124-D670-4BE9-B57B-EFC2A3B43FC8}.Release|Any CPU.Build.0 = Release|Any CPU
	EndGlobalSection
	GlobalSection(SolutionProperties) = preSolution
		HideSolutionNode = FALSE
	EndGlobalSection
	GlobalSection(ExtensibilityGlobals) = postSolution
		SolutionGuid = {F0499C42-23A5-4A67-BE5A-32F92F94EF10}
	EndGlobalSection
EndGlobal
